- name: system setup | clock | install systemd-timesyncd (debian)
  tags: ntp,system setup
  apt:
    name: systemd-timesyncd
    state: latest
  when: ansible_distribution == "Debian"

- name: system setup | clock | start and enable systemd-timesyncd
  tags: ntp,system settiings
  service:
    name: systemd-timesyncd
    state: started
    enabled: true

- name: system setup | clock | set time zone
  tags: ntp,timezone,system setup
  timezone:
    name: "Australia/Sydney"
